// !$*UTF8*$!
{
	archiveVersion = 1;
	classes = {
	};
	objectVersion = 46;
	objects = {

/* Begin PBXBuildFile section */
		A24B61FD1DA48B900012407A /* AppDelegate.swift in Sources */ = {isa = PBXBuildFile; fileRef = A24B61FC1DA48B900012407A /* AppDelegate.swift */; };
		A24B62021DA48B900012407A /* Main.storyboard in Resources */ = {isa = PBXBuildFile; fileRef = A24B62001DA48B900012407A /* Main.storyboard */; };
		A24B62051DA48B900012407A /* WombDefender.xcdatamodeld in Sources */ = {isa = PBXBuildFile; fileRef = A24B62031DA48B900012407A /* WombDefender.xcdatamodeld */; };
		A24B62071DA48B900012407A /* Assets.xcassets in Resources */ = {isa = PBXBuildFile; fileRef = A24B62061DA48B900012407A /* Assets.xcassets */; };
		A24B620A1DA48B900012407A /* LaunchScreen.storyboard in Resources */ = {isa = PBXBuildFile; fileRef = A24B62081DA48B900012407A /* LaunchScreen.storyboard */; };
		A24B62121DA498230012407A /* SpermModel.swift in Sources */ = {isa = PBXBuildFile; fileRef = A24B62111DA498230012407A /* SpermModel.swift */; };
		A24B62141DA4A0B10012407A /* EggModel.swift in Sources */ = {isa = PBXBuildFile; fileRef = A24B62131DA4A0B10012407A /* EggModel.swift */; };
		A24B62171DA5C4F40012407A /* MainGameViewController.swift in Sources */ = {isa = PBXBuildFile; fileRef = A24B62161DA5C4F40012407A /* MainGameViewController.swift */; };
		A24B62191DA5C8980012407A /* Settings.swift in Sources */ = {isa = PBXBuildFile; fileRef = A24B62181DA5C8980012407A /* Settings.swift */; };
		A24B621B1DA5CEF90012407A /* LevelController.swift in Sources */ = {isa = PBXBuildFile; fileRef = A24B621A1DA5CEF90012407A /* LevelController.swift */; };
/* End PBXBuildFile section */

/* Begin PBXFileReference section */
		A24B61F91DA48B900012407A /* WombDefender.app */ = {isa = PBXFileReference; explicitFileType = wrapper.application; includeInIndex = 0; path = WombDefender.app; sourceTree = BUILT_PRODUCTS_DIR; };
		A24B61FC1DA48B900012407A /* AppDelegate.swift */ = {isa = PBXFileReference; lastKnownFileType = sourcecode.swift; path = AppDelegate.swift; sourceTree = "<group>"; };
		A24B62011DA48B900012407A /* Base */ = {isa = PBXFileReference; lastKnownFileType = file.storyboard; name = Base; path = Base.lproj/Main.storyboard; sourceTree = "<group>"; };
		A24B62041DA48B900012407A /* WombDefender.xcdatamodel */ = {isa = PBXFileReference; lastKnownFileType = wrapper.xcdatamodel; path = WombDefender.xcdatamodel; sourceTree = "<group>"; };
		A24B62061DA48B900012407A /* Assets.xcassets */ = {isa = PBXFileReference; lastKnownFileType = folder.assetcatalog; path = Assets.xcassets; sourceTree = "<group>"; };
		A24B62091DA48B900012407A /* Base */ = {isa = PBXFileReference; lastKnownFileType = file.storyboard; name = Base; path = Base.lproj/LaunchScreen.storyboard; sourceTree = "<group>"; };
		A24B620B1DA48B900012407A /* Info.plist */ = {isa = PBXFileReference; lastKnownFileType = text.plist.xml; path = Info.plist; sourceTree = "<group>"; };
		A24B62111DA498230012407A /* SpermModel.swift */ = {isa = PBXFileReference; fileEncoding = 4; lastKnownFileType = sourcecode.swift; path = SpermModel.swift; sourceTree = "<group>"; };
		A24B62131DA4A0B10012407A /* EggModel.swift */ = {isa = PBXFileReference; fileEncoding = 4; lastKnownFileType = sourcecode.swift; path = EggModel.swift; sourceTree = "<group>"; };
		A24B62161DA5C4F40012407A /* MainGameViewController.swift */ = {isa = PBXFileReference; fileEncoding = 4; lastKnownFileType = sourcecode.swift; path = MainGameViewController.swift; sourceTree = "<group>"; };
		A24B62181DA5C8980012407A /* Settings.swift */ = {isa = PBXFileReference; fileEncoding = 4; lastKnownFileType = sourcecode.swift; path = Settings.swift; sourceTree = "<group>"; };
		A24B621A1DA5CEF90012407A /* LevelController.swift */ = {isa = PBXFileReference; fileEncoding = 4; lastKnownFileType = sourcecode.swift; path = LevelController.swift; sourceTree = "<group>"; };
/* End PBXFileReference section */

/* Begin PBXFrameworksBuildPhase section */
		A24B61F61DA48B8F0012407A /* Frameworks */ = {
			isa = PBXFrameworksBuildPhase;
			buildActionMask = 2147483647;
			files = (
			);
			runOnlyForDeploymentPostprocessing = 0;
		};
/* End PBXFrameworksBuildPhase section */

/* Begin PBXGroup section */
		A24B61F01DA48B8F0012407A = {
			isa = PBXGroup;
			children = (
				A24B61FB1DA48B900012407A /* WombDefender */,
				A24B61FA1DA48B900012407A /* Products */,
			);
			sourceTree = "<group>";
		};
		A24B61FA1DA48B900012407A /* Products */ = {
			isa = PBXGroup;
			children = (
				A24B61F91DA48B900012407A /* WombDefender.app */,
			);
			name = Products;
			sourceTree = "<group>";
		};
		A24B61FB1DA48B900012407A /* WombDefender */ = {
			isa = PBXGroup;
			children = (
				A24B62181DA5C8980012407A /* Settings.swift */,
				A24B621A1DA5CEF90012407A /* LevelController.swift */,
				A24B62161DA5C4F40012407A /* MainGameViewController.swift */,
				A24B61FC1DA48B900012407A /* AppDelegate.swift */,
				A24B62151DA5C0AE0012407A /* Models */,
				A24B62001DA48B900012407A /* Main.storyboard */,
				A24B62061DA48B900012407A /* Assets.xcassets */,
				A24B62081DA48B900012407A /* LaunchScreen.storyboard */,
				A24B620B1DA48B900012407A /* Info.plist */,
				A24B62031DA48B900012407A /* WombDefender.xcdatamodeld */,
			);
			path = WombDefender;
			sourceTree = "<group>";
		};
		A24B62151DA5C0AE0012407A /* Models */ = {
			isa = PBXGroup;
			children = (
				A24B62111DA498230012407A /* SpermModel.swift */,
				A24B62131DA4A0B10012407A /* EggModel.swift */,
			);
			name = Models;
			sourceTree = "<group>";
		};
/* End PBXGroup section */

/* Begin PBXNativeTarget section */
		A24B61F81DA48B8F0012407A /* WombDefender */ = {
			isa = PBXNativeTarget;
			buildConfigurationList = A24B620E1DA48B900012407A /* Build configuration list for PBXNativeTarget "WombDefender" */;
			buildPhases = (
				A24B61F51DA48B8F0012407A /* Sources */,
				A24B61F61DA48B8F0012407A /* Frameworks */,
				A24B61F71DA48B8F0012407A /* Resources */,
			);
			buildRules = (
			);
			dependencies = (
			);
			name = WombDefender;
			productName = WombDefender;
			productReference = A24B61F91DA48B900012407A /* WombDefender.app */;
			productType = "com.apple.product-type.application";
		};
/* End PBXNativeTarget section */

/* Begin PBXProject section */
		A24B61F11DA48B8F0012407A /* Project object */ = {
			isa = PBXProject;
			attributes = {
				LastSwiftUpdateCheck = 0800;
				LastUpgradeCheck = 0800;
				ORGANIZATIONNAME = Zoko;
				TargetAttributes = {
					A24B61F81DA48B8F0012407A = {
						CreatedOnToolsVersion = 8.0;
						ProvisioningStyle = Automatic;
					};
				};
			};
			buildConfigurationList = A24B61F41DA48B8F0012407A /* Build configuration list for PBXProject "WombDefender" */;
			compatibilityVersion = "Xcode 3.2";
			developmentRegion = English;
			hasScannedForEncodings = 0;
			knownRegions = (
				en,
				Base,
			);
			mainGroup = A24B61F01DA48B8F0012407A;
			productRefGroup = A24B61FA1DA48B900012407A /* Products */;
			projectDirPath = "";
			projectRoot = "";
			targets = (
				A24B61F81DA48B8F0012407A /* WombDefender */,
			);
		};
/* End PBXProject section */

/* Begin PBXResourcesBuildPhase section */
		A24B61F71DA48B8F0012407A /* Resources */ = {
			isa = PBXResourcesBuildPhase;
			buildActionMask = 2147483647;
			files = (
				A24B620A1DA48B900012407A /* LaunchScreen.storyboard in Resources */,
				A24B62071DA48B900012407A /* Assets.xcassets in Resources */,
				A24B62021DA48B900012407A /* Main.storyboard in Resources */,
			);
			runOnlyForDeploymentPostprocessing = 0;
		};
/* End PBXResourcesBuildPhase section */

/* Begin PBXSourcesBuildPhase section */
		A24B61F51DA48B8F0012407A /* Sources */ = {
			isa = PBXSourcesBuildPhase;
			buildActionMask = 2147483647;
			files = (
				A24B62191DA5C8980012407A /* Settings.swift in Sources */,
				A24B62171DA5C4F40012407A /* MainGameViewController.swift in Sources */,
				A24B62051DA48B900012407A /* WombDefender.xcdatamodeld in Sources */,
				A24B621B1DA5CEF90012407A /* LevelController.swift in Sources */,
				A24B61FD1DA48B900012407A /* AppDelegate.swift in Sources */,
				A24B62121DA498230012407A /* SpermModel.swift in Sources */,
				A24B62141DA4A0B10012407A /* EggModel.swift in Sources */,
			);
			runOnlyForDeploymentPostprocessing = 0;
		};
/* End PBXSourcesBuildPhase section */

/* Begin PBXVariantGroup section */
		A24B62001DA48B900012407A /* Main.storyboard */ = {
			isa = PBXVariantGroup;
			children = (
				A24B62011DA48B900012407A /* Base */,
			);
			name = Main.storyboard;
			sourceTree = "<group>";
		};
		A24B62081DA48B900012407A /* LaunchScreen.storyboard */ = {
			isa = PBXVariantGroup;
			children = (
				A24B62091DA48B900012407A /* Base */,
			);
			name = LaunchScreen.storyboard;
			sourceTree = "<group>";
		};
/* End PBXVariantGroup section */

/* Begin XCBuildConfiguration section */
		A24B620C1DA48B900012407A /* Debug */ = {
			isa = XCBuildConfiguration;
			buildSettings = {
				ALWAYS_SEARCH_USER_PATHS = NO;
				CLANG_ANALYZER_NONNULL = YES;
				CLANG_CXX_LANGUAGE_STANDARD = "gnu++0x";
				CLANG_CXX_LIBRARY = "libc++";
				CLANG_ENABLE_MODULES = YES;
				CLANG_ENABLE_OBJC_ARC = YES;
				CLANG_WARN_BOOL_CONVERSION = YES;
				CLANG_WARN_CONSTANT_CONVERSION = YES;
				CLANG_WARN_DIRECT_OBJC_ISA_USAGE = YES_ERROR;
				CLANG_WARN_DOCUMENTATION_COMMENTS = YES;
				CLANG_WARN_EMPTY_BODY = YES;
				CLANG_WARN_ENUM_CONVERSION = YES;
				CLANG_WARN_INFINITE_RECURSION = YES;
				CLANG_WARN_INT_CONVERSION = YES;
				CLANG_WARN_OBJC_ROOT_CLASS = YES_ERROR;
				CLANG_WARN_SUSPICIOUS_MOVES = YES;
				CLANG_WARN_UNREACHABLE_CODE = YES;
				CLANG_WARN__DUPLICATE_METHOD_MATCH = YES;
				"CODE_SIGN_IDENTITY[sdk=iphoneos*]" = "iPhone Developer";
				COPY_PHASE_STRIP = NO;
				DEBUG_INFORMATION_FORMAT = dwarf;
				ENABLE_STRICT_OBJC_MSGSEND = YES;
				ENABLE_TESTABILITY = YES;
				GCC_C_LANGUAGE_STANDARD = gnu99;
				GCC_DYNAMIC_NO_PIC = NO;
				GCC_NO_COMMON_BLOCKS = YES;
				GCC_OPTIMIZATION_LEVEL = 0;
				GCC_PREPROCESSOR_DEFINITIONS = (
					"DEBUG=1",
					"$(inherited)",
				);
				GCC_WARN_64_TO_32_BIT_CONVERSION = YES;
				GCC_WARN_ABOUT_RETURN_TYPE = YES_ERROR;
				GCC_WARN_UNDECLARED_SELECTOR = YES;
				GCC_WARN_UNINITIALIZED_AUTOS = YES_AGGRESSIVE;
				GCC_WARN_UNUSED_FUNCTION = YES;
				GCC_WARN_UNUSED_VARIABLE = YES;
				IPHONEOS_DEPLOYMENT_TARGET = 10.0;
				MTL_ENABLE_DEBUG_INFO = YES;
				ONLY_ACTIVE_ARCH = YES;
				SDKROOT = iphoneos;
				SWIFT_ACTIVE_COMPILATION_CONDITIONS = DEBUG;
				SWIFT_OPTIMIZATION_LEVEL = "-Onone";
				TARGETED_DEVICE_FAMILY = "1,2";
			};
			name = Debug;
		};
		A24B620D1DA48B900012407A /* Release */ = {
			isa = XCBuildConfiguration;
			buildSettings = {
				ALWAYS_SEARCH_USER_PATHS = NO;
				CLANG_ANALYZER_NONNULL = YES;
				CLANG_CXX_LANGUAGE_STANDARD = "gnu++0x";
				CLANG_CXX_LIBRARY = "libc++";
				CLANG_ENABLE_MODULES = YES;
				CLANG_ENABLE_OBJC_ARC = YES;
				CLANG_WARN_BOOL_CONVERSION = YES;
				CLANG_WARN_CONSTANT_CONVERSION = YES;
				CLANG_WARN_DIRECT_OBJC_ISA_USAGE = YES_ERROR;
				CLANG_WARN_DOCUMENTATION_COMMENTS = YES;
				CLANG_WARN_EMPTY_BODY = YES;
				CLANG_WARN_ENUM_CONVERSION = YES;
				CLANG_WARN_INFINITE_RECURSION = YES;
				CLANG_WARN_INT_CONVERSION = YES;
				CLANG_WARN_OBJC_ROOT_CLASS = YES_ERROR;
				CLANG_WARN_SUSPICIOUS_MOVES = YES;
				CLANG_WARN_UNREACHABLE_CODE = YES;
				CLANG_WARN__DUPLICATE_METHOD_MATCH = YES;
				"CODE_SIGN_IDENTITY[sdk=iphoneos*]" = "iPhone Developer";
				COPY_PHASE_STRIP = NO;
				DEBUG_INFORMATION_FORMAT = "dwarf-with-dsym";
				ENABLE_NS_ASSERTIONS = NO;
				ENABLE_STRICT_OBJC_MSGSEND = YES;
				GCC_C_LANGUAGE_STANDARD = gnu99;
				GCC_NO_COMMON_BLOCKS = YES;
				GCC_WARN_64_TO_32_BIT_CONVERSION = YES;
				GCC_WARN_ABOUT_RETURN_TYPE = YES_ERROR;
				GCC_WARN_UNDECLARED_SELECTOR = YES;
				GCC_WARN_UNINITIALIZED_AUTOS = YES_AGGRESSIVE;
				GCC_WARN_UNUSED_FUNCTION = YES;
				GCC_WARN_UNUSED_VARIABLE = YES;
				IPHONEOS_DEPLOYMENT_TARGET = 10.0;
				MTL_ENABLE_DEBUG_INFO = NO;
				SDKROOT = iphoneos;
				SWIFT_OPTIMIZATION_LEVEL = "-Owholemodule";
				TARGETED_DEVICE_FAMILY = "1,2";
				VALIDATE_PRODUCT = YES;
			};
			name = Release;
		};
		A24B620F1DA48B900012407A /* Debug */ = {
			isa = XCBuildConfiguration;
			buildSettings = {
				ASSETCATALOG_COMPILER_APPICON_NAME = AppIcon;
				INFOPLIST_FILE = WombDefender/Info.plist;
				LD_RUNPATH_SEARCH_PATHS = "$(inherited) @executable_path/Frameworks";
				PRODUCT_BUNDLE_IDENTIFIER = com.example.WombDefender;
				PRODUCT_NAME = "$(TARGET_NAME)";
				SWIFT_VERSION = 3.0;
			};
			name = Debug;
		};
		A24B62101DA48B900012407A /* Release */ = {
			isa = XCBuildConfiguration;
			buildSettings = {
				ASSETCATALOG_COMPILER_APPICON_NAME = AppIcon;
				INFOPLIST_FILE = WombDefender/Info.plist;
				LD_RUNPATH_SEARCH_PATHS = "$(inherited) @executable_path/Frameworks";
				PRODUCT_BUNDLE_IDENTIFIER = com.example.WombDefender;
				PRODUCT_NAME = "$(TARGET_NAME)";
				SWIFT_VERSION = 3.0;
			};
			name = Release;
		};
/* End XCBuildConfiguration section */

/* Begin XCConfigurationList section */
		A24B61F41DA48B8F0012407A /* Build configuration list for PBXProject "WombDefender" */ = {
			isa = XCConfigurationList;
			buildConfigurations = (
				A24B620C1DA48B900012407A /* Debug */,
				A24B620D1DA48B900012407A /* Release */,
			);
			defaultConfigurationIsVisible = 0;
			defaultConfigurationName = Release;
		};
		A24B620E1DA48B900012407A /* Build configuration list for PBXNativeTarget "WombDefender" */ = {
			isa = XCConfigurationList;
			buildConfigurations = (
				A24B620F1DA48B900012407A /* Debug */,
				A24B62101DA48B900012407A /* Release */,
			);
			defaultConfigurationIsVisible = 0;
			defaultConfigurationName = Release;
		};
/* End XCConfigurationList section */

/* Begin XCVersionGroup section */
		A24B62031DA48B900012407A /* WombDefender.xcdatamodeld */ = {
			isa = XCVersionGroup;
			children = (
				A24B62041DA48B900012407A /* WombDefender.xcdatamodel */,
			);
			currentVersion = A24B62041DA48B900012407A /* WombDefender.xcdatamodel */;
			path = WombDefender.xcdatamodeld;
			sourceTree = "<group>";
			versionGroupType = wrapper.xcdatamodel;
		};
/* End XCVersionGroup section */
	};
	rootObject = A24B61F11DA48B8F0012407A /* Project object */;
}
