// !$*UTF8*$!
{
	archiveVersion = 1;
	classes = {
	};
	objectVersion = 46;
	objects = {

/* Begin PBXBuildFile section */
		270AD7741DA72E88006A5CE3 /* SpermBehaviour.swift in Sources */ = {isa = PBXBuildFile; fileRef = 270AD7731DA72E88006A5CE3 /* SpermBehaviour.swift */; };
		270AD7761DA7312E006A5CE3 /* SpermView.swift in Sources */ = {isa = PBXBuildFile; fileRef = 270AD7751DA7312E006A5CE3 /* SpermView.swift */; };
		270AD77D1DA99443006A5CE3 /* GradientView.swift in Sources */ = {isa = PBXBuildFile; fileRef = 270AD77C1DA99443006A5CE3 /* GradientView.swift */; };
		271B72651E203F000003E0CE /* PowerUpCell.swift in Sources */ = {isa = PBXBuildFile; fileRef = 271B72641E203F000003E0CE /* PowerUpCell.swift */; };
		271B72671E2981CA0003E0CE /* LeaderboardCell.swift in Sources */ = {isa = PBXBuildFile; fileRef = 271B72661E2981CA0003E0CE /* LeaderboardCell.swift */; };
		271B726A1E2D04BE0003E0CE /* CoreLocation.framework in Frameworks */ = {isa = PBXBuildFile; fileRef = 271B72691E2D04BE0003E0CE /* CoreLocation.framework */; };
		271D818A1DFCA76100E4311C /* SettingsManager.swift in Sources */ = {isa = PBXBuildFile; fileRef = 271D81891DFCA76100E4311C /* SettingsManager.swift */; };
		271D818C1DFCADA300E4311C /* UIViewControllerExtension.swift in Sources */ = {isa = PBXBuildFile; fileRef = 271D818B1DFCADA300E4311C /* UIViewControllerExtension.swift */; };
		271D818E1DFCB68600E4311C /* AudioManager.swift in Sources */ = {isa = PBXBuildFile; fileRef = 271D818D1DFCB68600E4311C /* AudioManager.swift */; };
		271D81901DFCEF1900E4311C /* SoundType.swift in Sources */ = {isa = PBXBuildFile; fileRef = 271D818F1DFCEF1900E4311C /* SoundType.swift */; };
		271D819B1DFD135200E4311C /* Difficulty.swift in Sources */ = {isa = PBXBuildFile; fileRef = 271D819A1DFD135200E4311C /* Difficulty.swift */; };
		271D81A71DFD17A200E4311C /* NSLocalizedStringExtension.swift in Sources */ = {isa = PBXBuildFile; fileRef = 271D81A61DFD17A200E4311C /* NSLocalizedStringExtension.swift */; };
		271D81AD1E08807000E4311C /* sperm_died.wav in Resources */ = {isa = PBXBuildFile; fileRef = 271D81AC1E08807000E4311C /* sperm_died.wav */; };
		274C78841DF78AA30000DBBB /* UIHelper.swift in Sources */ = {isa = PBXBuildFile; fileRef = 274C78831DF78AA30000DBBB /* UIHelper.swift */; };
		274C788B1DF7AC010000DBBB /* Localizable.strings in Resources */ = {isa = PBXBuildFile; fileRef = 274C788D1DF7AC010000DBBB /* Localizable.strings */; };
		275087401DBB0A3700741CC7 /* UIConstants.swift in Sources */ = {isa = PBXBuildFile; fileRef = 2750873F1DBB0A3700741CC7 /* UIConstants.swift */; };
		277228941DA5EF2D0045D1E3 /* StartScreenViewController.swift in Sources */ = {isa = PBXBuildFile; fileRef = 277228931DA5EF2D0045D1E3 /* StartScreenViewController.swift */; };
		2776034D1DCC22EF006C7B7C /* ShopViewController.swift in Sources */ = {isa = PBXBuildFile; fileRef = 2776034C1DCC22EF006C7B7C /* ShopViewController.swift */; };
		2776034F1DCC24EE006C7B7C /* StandingsViewController.swift in Sources */ = {isa = PBXBuildFile; fileRef = 2776034E1DCC24EE006C7B7C /* StandingsViewController.swift */; };
		27D3063F1DEE7CF900F3F62C /* SwipeView.swift in Sources */ = {isa = PBXBuildFile; fileRef = 27D3063E1DEE7CF900F3F62C /* SwipeView.swift */; };
		A24B61FD1DA48B900012407A /* AppDelegate.swift in Sources */ = {isa = PBXBuildFile; fileRef = A24B61FC1DA48B900012407A /* AppDelegate.swift */; };
		A24B62021DA48B900012407A /* Main.storyboard in Resources */ = {isa = PBXBuildFile; fileRef = A24B62001DA48B900012407A /* Main.storyboard */; };
		A24B62051DA48B900012407A /* WombDefender.xcdatamodeld in Sources */ = {isa = PBXBuildFile; fileRef = A24B62031DA48B900012407A /* WombDefender.xcdatamodeld */; };
		A24B62071DA48B900012407A /* Assets.xcassets in Resources */ = {isa = PBXBuildFile; fileRef = A24B62061DA48B900012407A /* Assets.xcassets */; };
		A24B620A1DA48B900012407A /* LaunchScreen.storyboard in Resources */ = {isa = PBXBuildFile; fileRef = A24B62081DA48B900012407A /* LaunchScreen.storyboard */; };
		A24B62121DA498230012407A /* SpermModel.swift in Sources */ = {isa = PBXBuildFile; fileRef = A24B62111DA498230012407A /* SpermModel.swift */; };
		A24B62141DA4A0B10012407A /* EggModel.swift in Sources */ = {isa = PBXBuildFile; fileRef = A24B62131DA4A0B10012407A /* EggModel.swift */; };
		A24B62171DA5C4F40012407A /* MainGameViewController.swift in Sources */ = {isa = PBXBuildFile; fileRef = A24B62161DA5C4F40012407A /* MainGameViewController.swift */; };
		A24B621B1DA5CEF90012407A /* LevelController.swift in Sources */ = {isa = PBXBuildFile; fileRef = A24B621A1DA5CEF90012407A /* LevelController.swift */; };
		A24D07331E359C0500F166E4 /* Reachability.swift in Sources */ = {isa = PBXBuildFile; fileRef = A24D07321E359C0500F166E4 /* Reachability.swift */; };
		A2BCF6731E24A087007AD0CF /* LeaderboardsAPI.swift in Sources */ = {isa = PBXBuildFile; fileRef = A2BCF6721E24A087007AD0CF /* LeaderboardsAPI.swift */; };
/* End PBXBuildFile section */

/* Begin PBXFileReference section */
		270AD7731DA72E88006A5CE3 /* SpermBehaviour.swift */ = {isa = PBXFileReference; fileEncoding = 4; lastKnownFileType = sourcecode.swift; path = SpermBehaviour.swift; sourceTree = "<group>"; };
		270AD7751DA7312E006A5CE3 /* SpermView.swift */ = {isa = PBXFileReference; fileEncoding = 4; lastKnownFileType = sourcecode.swift; path = SpermView.swift; sourceTree = "<group>"; };
		270AD77C1DA99443006A5CE3 /* GradientView.swift */ = {isa = PBXFileReference; fileEncoding = 4; lastKnownFileType = sourcecode.swift; path = GradientView.swift; sourceTree = "<group>"; };
		271B72641E203F000003E0CE /* PowerUpCell.swift */ = {isa = PBXFileReference; fileEncoding = 4; lastKnownFileType = sourcecode.swift; path = PowerUpCell.swift; sourceTree = "<group>"; };
		271B72661E2981CA0003E0CE /* LeaderboardCell.swift */ = {isa = PBXFileReference; fileEncoding = 4; lastKnownFileType = sourcecode.swift; path = LeaderboardCell.swift; sourceTree = "<group>"; };
		271B72691E2D04BE0003E0CE /* CoreLocation.framework */ = {isa = PBXFileReference; lastKnownFileType = wrapper.framework; name = CoreLocation.framework; path = System/Library/Frameworks/CoreLocation.framework; sourceTree = SDKROOT; };
		271D81891DFCA76100E4311C /* SettingsManager.swift */ = {isa = PBXFileReference; fileEncoding = 4; lastKnownFileType = sourcecode.swift; path = SettingsManager.swift; sourceTree = "<group>"; };
		271D818B1DFCADA300E4311C /* UIViewControllerExtension.swift */ = {isa = PBXFileReference; fileEncoding = 4; lastKnownFileType = sourcecode.swift; path = UIViewControllerExtension.swift; sourceTree = "<group>"; };
		271D818D1DFCB68600E4311C /* AudioManager.swift */ = {isa = PBXFileReference; fileEncoding = 4; lastKnownFileType = sourcecode.swift; path = AudioManager.swift; sourceTree = "<group>"; };
		271D818F1DFCEF1900E4311C /* SoundType.swift */ = {isa = PBXFileReference; fileEncoding = 4; lastKnownFileType = sourcecode.swift; path = SoundType.swift; sourceTree = "<group>"; };
		271D819A1DFD135200E4311C /* Difficulty.swift */ = {isa = PBXFileReference; fileEncoding = 4; lastKnownFileType = sourcecode.swift; path = Difficulty.swift; sourceTree = "<group>"; };
		271D81A41DFD167E00E4311C /* Base */ = {isa = PBXFileReference; lastKnownFileType = text.plist.strings; name = Base; path = Base.lproj/Localizable.strings; sourceTree = "<group>"; };
		271D81A51DFD169200E4311C /* fr */ = {isa = PBXFileReference; lastKnownFileType = text.plist.strings; name = fr; path = fr.lproj/Localizable.strings; sourceTree = "<group>"; };
		271D81A61DFD17A200E4311C /* NSLocalizedStringExtension.swift */ = {isa = PBXFileReference; fileEncoding = 4; lastKnownFileType = sourcecode.swift; name = NSLocalizedStringExtension.swift; path = ../NSLocalizedStringExtension.swift; sourceTree = "<group>"; };
		271D81AC1E08807000E4311C /* sperm_died.wav */ = {isa = PBXFileReference; lastKnownFileType = audio.wav; path = sperm_died.wav; sourceTree = "<group>"; };
		274C78831DF78AA30000DBBB /* UIHelper.swift */ = {isa = PBXFileReference; fileEncoding = 4; lastKnownFileType = sourcecode.swift; path = UIHelper.swift; sourceTree = "<group>"; };
		274C78891DF7ABFB0000DBBB /* fr */ = {isa = PBXFileReference; lastKnownFileType = text.plist.strings; name = fr; path = fr.lproj/Main.strings; sourceTree = "<group>"; };
		274C788A1DF7ABFB0000DBBB /* fr */ = {isa = PBXFileReference; lastKnownFileType = text.plist.strings; name = fr; path = fr.lproj/LaunchScreen.strings; sourceTree = "<group>"; };
		2750873F1DBB0A3700741CC7 /* UIConstants.swift */ = {isa = PBXFileReference; fileEncoding = 4; lastKnownFileType = sourcecode.swift; path = UIConstants.swift; sourceTree = "<group>"; };
		277228931DA5EF2D0045D1E3 /* StartScreenViewController.swift */ = {isa = PBXFileReference; fileEncoding = 4; lastKnownFileType = sourcecode.swift; path = StartScreenViewController.swift; sourceTree = "<group>"; };
		2776034C1DCC22EF006C7B7C /* ShopViewController.swift */ = {isa = PBXFileReference; fileEncoding = 4; lastKnownFileType = sourcecode.swift; path = ShopViewController.swift; sourceTree = "<group>"; };
		2776034E1DCC24EE006C7B7C /* StandingsViewController.swift */ = {isa = PBXFileReference; fileEncoding = 4; lastKnownFileType = sourcecode.swift; path = StandingsViewController.swift; sourceTree = "<group>"; };
		27D3063E1DEE7CF900F3F62C /* SwipeView.swift */ = {isa = PBXFileReference; fileEncoding = 4; lastKnownFileType = sourcecode.swift; path = SwipeView.swift; sourceTree = "<group>"; };
		A24B61F91DA48B900012407A /* WombDefender.app */ = {isa = PBXFileReference; explicitFileType = wrapper.application; includeInIndex = 0; path = WombDefender.app; sourceTree = BUILT_PRODUCTS_DIR; };
		A24B61FC1DA48B900012407A /* AppDelegate.swift */ = {isa = PBXFileReference; lastKnownFileType = sourcecode.swift; path = AppDelegate.swift; sourceTree = "<group>"; };
		A24B62011DA48B900012407A /* Base */ = {isa = PBXFileReference; lastKnownFileType = file.storyboard; name = Base; path = Base.lproj/Main.storyboard; sourceTree = "<group>"; };
		A24B62041DA48B900012407A /* WombDefender.xcdatamodel */ = {isa = PBXFileReference; lastKnownFileType = wrapper.xcdatamodel; path = WombDefender.xcdatamodel; sourceTree = "<group>"; };
		A24B62061DA48B900012407A /* Assets.xcassets */ = {isa = PBXFileReference; lastKnownFileType = folder.assetcatalog; path = Assets.xcassets; sourceTree = "<group>"; };
		A24B62091DA48B900012407A /* Base */ = {isa = PBXFileReference; lastKnownFileType = file.storyboard; name = Base; path = Base.lproj/LaunchScreen.storyboard; sourceTree = "<group>"; };
		A24B620B1DA48B900012407A /* Info.plist */ = {isa = PBXFileReference; lastKnownFileType = text.plist.xml; path = Info.plist; sourceTree = "<group>"; };
		A24B62111DA498230012407A /* SpermModel.swift */ = {isa = PBXFileReference; fileEncoding = 4; lastKnownFileType = sourcecode.swift; path = SpermModel.swift; sourceTree = "<group>"; };
		A24B62131DA4A0B10012407A /* EggModel.swift */ = {isa = PBXFileReference; fileEncoding = 4; lastKnownFileType = sourcecode.swift; path = EggModel.swift; sourceTree = "<group>"; };
		A24B62161DA5C4F40012407A /* MainGameViewController.swift */ = {isa = PBXFileReference; fileEncoding = 4; lastKnownFileType = sourcecode.swift; path = MainGameViewController.swift; sourceTree = "<group>"; };
		A24B621A1DA5CEF90012407A /* LevelController.swift */ = {isa = PBXFileReference; fileEncoding = 4; lastKnownFileType = sourcecode.swift; path = LevelController.swift; sourceTree = "<group>"; };
		A24D07321E359C0500F166E4 /* Reachability.swift */ = {isa = PBXFileReference; fileEncoding = 4; lastKnownFileType = sourcecode.swift; path = Reachability.swift; sourceTree = "<group>"; };
		A2BCF6721E24A087007AD0CF /* LeaderboardsAPI.swift */ = {isa = PBXFileReference; fileEncoding = 4; lastKnownFileType = sourcecode.swift; path = LeaderboardsAPI.swift; sourceTree = "<group>"; };
/* End PBXFileReference section */

/* Begin PBXFrameworksBuildPhase section */
		A24B61F61DA48B8F0012407A /* Frameworks */ = {
			isa = PBXFrameworksBuildPhase;
			buildActionMask = 2147483647;
			files = (
				271B726A1E2D04BE0003E0CE /* CoreLocation.framework in Frameworks */,
			);
			runOnlyForDeploymentPostprocessing = 0;
		};
/* End PBXFrameworksBuildPhase section */

/* Begin PBXGroup section */
		270AD7771DA732CD006A5CE3 /* ViewControllers */ = {
			isa = PBXGroup;
			children = (
				277228931DA5EF2D0045D1E3 /* StartScreenViewController.swift */,
				A24B62161DA5C4F40012407A /* MainGameViewController.swift */,
				2776034C1DCC22EF006C7B7C /* ShopViewController.swift */,
				2776034E1DCC24EE006C7B7C /* StandingsViewController.swift */,
			);
			name = ViewControllers;
			sourceTree = "<group>";
		};
		270AD7801DA9A00B006A5CE3 /* Views */ = {
			isa = PBXGroup;
			children = (
				270AD77C1DA99443006A5CE3 /* GradientView.swift */,
				270AD7751DA7312E006A5CE3 /* SpermView.swift */,
				27D3063E1DEE7CF900F3F62C /* SwipeView.swift */,
				271B72641E203F000003E0CE /* PowerUpCell.swift */,
				271B72661E2981CA0003E0CE /* LeaderboardCell.swift */,
			);
			name = Views;
			sourceTree = "<group>";
		};
		271B72681E2D04BE0003E0CE /* Frameworks */ = {
			isa = PBXGroup;
			children = (
				271B72691E2D04BE0003E0CE /* CoreLocation.framework */,
			);
			name = Frameworks;
			sourceTree = "<group>";
		};
		271D81911DFCF32000E4311C /* Sounds */ = {
			isa = PBXGroup;
			children = (
				271D81AC1E08807000E4311C /* sperm_died.wav */,
			);
			name = Sounds;
			sourceTree = "<group>";
		};
		271D81981DFD130E00E4311C /* Model */ = {
			isa = PBXGroup;
			children = (
				271D81991DFD134200E4311C /* Data */,
				271D818D1DFCB68600E4311C /* AudioManager.swift */,
				271D81891DFCA76100E4311C /* SettingsManager.swift */,
				A24B62111DA498230012407A /* SpermModel.swift */,
				A24B62131DA4A0B10012407A /* EggModel.swift */,
				A24B621A1DA5CEF90012407A /* LevelController.swift */,
			);
			name = Model;
			sourceTree = "<group>";
		};
		271D81991DFD134200E4311C /* Data */ = {
			isa = PBXGroup;
			children = (
				271D818F1DFCEF1900E4311C /* SoundType.swift */,
				271D819A1DFD135200E4311C /* Difficulty.swift */,
			);
			name = Data;
			sourceTree = "<group>";
		};
		271D81A81DFD1AC100E4311C /* Extensions */ = {
			isa = PBXGroup;
			children = (
				271D818B1DFCADA300E4311C /* UIViewControllerExtension.swift */,
				271D81A61DFD17A200E4311C /* NSLocalizedStringExtension.swift */,
			);
			name = Extensions;
			sourceTree = "<group>";
		};
		271D81A91DFD1AD100E4311C /* Helpers */ = {
			isa = PBXGroup;
			children = (
				274C78831DF78AA30000DBBB /* UIHelper.swift */,
			);
			name = Helpers;
			sourceTree = "<group>";
		};
		274C788E1DF7AE980000DBBB /* Resources */ = {
			isa = PBXGroup;
			children = (
				271D81911DFCF32000E4311C /* Sounds */,
				274C788D1DF7AC010000DBBB /* Localizable.strings */,
				A24B62001DA48B900012407A /* Main.storyboard */,
				A24B62081DA48B900012407A /* LaunchScreen.storyboard */,
				A24B62061DA48B900012407A /* Assets.xcassets */,
				A24B620B1DA48B900012407A /* Info.plist */,
				A24B62031DA48B900012407A /* WombDefender.xcdatamodeld */,
				A2BCF6721E24A087007AD0CF /* LeaderboardsAPI.swift */,
				A24D07321E359C0500F166E4 /* Reachability.swift */,
			);
			name = Resources;
			sourceTree = "<group>";
		};
		A24B61F01DA48B8F0012407A = {
			isa = PBXGroup;
			children = (
				A24B61FB1DA48B900012407A /* WombDefender */,
				A24B61FA1DA48B900012407A /* Products */,
				271B72681E2D04BE0003E0CE /* Frameworks */,
			);
			sourceTree = "<group>";
		};
		A24B61FA1DA48B900012407A /* Products */ = {
			isa = PBXGroup;
			children = (
				A24B61F91DA48B900012407A /* WombDefender.app */,
			);
			name = Products;
			sourceTree = "<group>";
		};
		A24B61FB1DA48B900012407A /* WombDefender */ = {
			isa = PBXGroup;
			children = (
				A24B61FC1DA48B900012407A /* AppDelegate.swift */,
				2750873F1DBB0A3700741CC7 /* UIConstants.swift */,
				270AD7731DA72E88006A5CE3 /* SpermBehaviour.swift */,
				271D81A91DFD1AD100E4311C /* Helpers */,
				271D81A81DFD1AC100E4311C /* Extensions */,
				271D81981DFD130E00E4311C /* Model */,
				270AD7801DA9A00B006A5CE3 /* Views */,
				270AD7771DA732CD006A5CE3 /* ViewControllers */,
				274C788E1DF7AE980000DBBB /* Resources */,
			);
			path = WombDefender;
			sourceTree = "<group>";
		};
/* End PBXGroup section */

/* Begin PBXNativeTarget section */
		A24B61F81DA48B8F0012407A /* WombDefender */ = {
			isa = PBXNativeTarget;
			buildConfigurationList = A24B620E1DA48B900012407A /* Build configuration list for PBXNativeTarget "WombDefender" */;
			buildPhases = (
				A24B61F51DA48B8F0012407A /* Sources */,
				A24B61F61DA48B8F0012407A /* Frameworks */,
				A24B61F71DA48B8F0012407A /* Resources */,
			);
			buildRules = (
			);
			dependencies = (
			);
			name = WombDefender;
			productName = WombDefender;
			productReference = A24B61F91DA48B900012407A /* WombDefender.app */;
			productType = "com.apple.product-type.application";
		};
/* End PBXNativeTarget section */

/* Begin PBXProject section */
		A24B61F11DA48B8F0012407A /* Project object */ = {
			isa = PBXProject;
			attributes = {
				LastSwiftUpdateCheck = 0800;
				LastUpgradeCheck = 0810;
				ORGANIZATIONNAME = Zoko;
				TargetAttributes = {
					A24B61F81DA48B8F0012407A = {
						CreatedOnToolsVersion = 8.0;
						DevelopmentTeam = FR9KBRU6YA;
						ProvisioningStyle = Automatic;
					};
				};
			};
			buildConfigurationList = A24B61F41DA48B8F0012407A /* Build configuration list for PBXProject "WombDefender" */;
			compatibilityVersion = "Xcode 3.2";
			developmentRegion = English;
			hasScannedForEncodings = 0;
			knownRegions = (
				en,
				Base,
			);
			mainGroup = A24B61F01DA48B8F0012407A;
			productRefGroup = A24B61FA1DA48B900012407A /* Products */;
			projectDirPath = "";
			projectRoot = "";
			targets = (
				A24B61F81DA48B8F0012407A /* WombDefender */,
			);
		};
/* End PBXProject section */

/* Begin PBXResourcesBuildPhase section */
		A24B61F71DA48B8F0012407A /* Resources */ = {
			isa = PBXResourcesBuildPhase;
			buildActionMask = 2147483647;
			files = (
				A24B620A1DA48B900012407A /* LaunchScreen.storyboard in Resources */,
				271D81AD1E08807000E4311C /* sperm_died.wav in Resources */,
				274C788B1DF7AC010000DBBB /* Localizable.strings in Resources */,
				A24B62071DA48B900012407A /* Assets.xcassets in Resources */,
				A24B62021DA48B900012407A /* Main.storyboard in Resources */,
			);
			runOnlyForDeploymentPostprocessing = 0;
		};
/* End PBXResourcesBuildPhase section */

/* Begin PBXSourcesBuildPhase section */
		A24B61F51DA48B8F0012407A /* Sources */ = {
			isa = PBXSourcesBuildPhase;
			buildActionMask = 2147483647;
			files = (
				271D81901DFCEF1900E4311C /* SoundType.swift in Sources */,
				A24B62171DA5C4F40012407A /* MainGameViewController.swift in Sources */,
				271D819B1DFD135200E4311C /* Difficulty.swift in Sources */,
				271D818E1DFCB68600E4311C /* AudioManager.swift in Sources */,
				271D818C1DFCADA300E4311C /* UIViewControllerExtension.swift in Sources */,
				270AD77D1DA99443006A5CE3 /* GradientView.swift in Sources */,
				27D3063F1DEE7CF900F3F62C /* SwipeView.swift in Sources */,
				A24B62051DA48B900012407A /* WombDefender.xcdatamodeld in Sources */,
				2776034F1DCC24EE006C7B7C /* StandingsViewController.swift in Sources */,
				2776034D1DCC22EF006C7B7C /* ShopViewController.swift in Sources */,
				274C78841DF78AA30000DBBB /* UIHelper.swift in Sources */,
				A24B621B1DA5CEF90012407A /* LevelController.swift in Sources */,
				A2BCF6731E24A087007AD0CF /* LeaderboardsAPI.swift in Sources */,
				271B72671E2981CA0003E0CE /* LeaderboardCell.swift in Sources */,
				271D818A1DFCA76100E4311C /* SettingsManager.swift in Sources */,
				A24B61FD1DA48B900012407A /* AppDelegate.swift in Sources */,
				A24B62121DA498230012407A /* SpermModel.swift in Sources */,
				271D81A71DFD17A200E4311C /* NSLocalizedStringExtension.swift in Sources */,
				270AD7761DA7312E006A5CE3 /* SpermView.swift in Sources */,
				A24B62141DA4A0B10012407A /* EggModel.swift in Sources */,
				271B72651E203F000003E0CE /* PowerUpCell.swift in Sources */,
				275087401DBB0A3700741CC7 /* UIConstants.swift in Sources */,
				270AD7741DA72E88006A5CE3 /* SpermBehaviour.swift in Sources */,
				A24D07331E359C0500F166E4 /* Reachability.swift in Sources */,
				277228941DA5EF2D0045D1E3 /* StartScreenViewController.swift in Sources */,
			);
			runOnlyForDeploymentPostprocessing = 0;
		};
/* End PBXSourcesBuildPhase section */

/* Begin PBXVariantGroup section */
		274C788D1DF7AC010000DBBB /* Localizable.strings */ = {
			isa = PBXVariantGroup;
			children = (
				271D81A41DFD167E00E4311C /* Base */,
				271D81A51DFD169200E4311C /* fr */,
			);
			name = Localizable.strings;
			path = ..;
			sourceTree = "<group>";
		};
		A24B62001DA48B900012407A /* Main.storyboard */ = {
			isa = PBXVariantGroup;
			children = (
				A24B62011DA48B900012407A /* Base */,
				274C78891DF7ABFB0000DBBB /* fr */,
			);
			name = Main.storyboard;
			sourceTree = "<group>";
		};
		A24B62081DA48B900012407A /* LaunchScreen.storyboard */ = {
			isa = PBXVariantGroup;
			children = (
				A24B62091DA48B900012407A /* Base */,
				274C788A1DF7ABFB0000DBBB /* fr */,
			);
			name = LaunchScreen.storyboard;
			sourceTree = "<group>";
		};
/* End PBXVariantGroup section */

/* Begin XCBuildConfiguration section */
		A24B620C1DA48B900012407A /* Debug */ = {
			isa = XCBuildConfiguration;
			buildSettings = {
				ALWAYS_SEARCH_USER_PATHS = NO;
				CLANG_ANALYZER_LOCALIZABILITY_NONLOCALIZED = YES;
				CLANG_ANALYZER_NONNULL = YES;
				CLANG_CXX_LANGUAGE_STANDARD = "gnu++0x";
				CLANG_CXX_LIBRARY = "libc++";
				CLANG_ENABLE_MODULES = YES;
				CLANG_ENABLE_OBJC_ARC = YES;
				CLANG_WARN_BOOL_CONVERSION = YES;
				CLANG_WARN_CONSTANT_CONVERSION = YES;
				CLANG_WARN_DIRECT_OBJC_ISA_USAGE = YES_ERROR;
				CLANG_WARN_DOCUMENTATION_COMMENTS = YES;
				CLANG_WARN_EMPTY_BODY = YES;
				CLANG_WARN_ENUM_CONVERSION = YES;
				CLANG_WARN_INFINITE_RECURSION = YES;
				CLANG_WARN_INT_CONVERSION = YES;
				CLANG_WARN_OBJC_ROOT_CLASS = YES_ERROR;
				CLANG_WARN_SUSPICIOUS_MOVE = YES;
				CLANG_WARN_SUSPICIOUS_MOVES = YES;
				CLANG_WARN_UNREACHABLE_CODE = YES;
				CLANG_WARN__DUPLICATE_METHOD_MATCH = YES;
				"CODE_SIGN_IDENTITY[sdk=iphoneos*]" = "iPhone Developer";
				COPY_PHASE_STRIP = NO;
				DEBUG_INFORMATION_FORMAT = dwarf;
				ENABLE_STRICT_OBJC_MSGSEND = YES;
				ENABLE_TESTABILITY = YES;
				GCC_C_LANGUAGE_STANDARD = gnu99;
				GCC_DYNAMIC_NO_PIC = NO;
				GCC_NO_COMMON_BLOCKS = YES;
				GCC_OPTIMIZATION_LEVEL = 0;
				GCC_PREPROCESSOR_DEFINITIONS = (
					"DEBUG=1",
					"$(inherited)",
				);
				GCC_WARN_64_TO_32_BIT_CONVERSION = YES;
				GCC_WARN_ABOUT_RETURN_TYPE = YES_ERROR;
				GCC_WARN_UNDECLARED_SELECTOR = YES;
				GCC_WARN_UNINITIALIZED_AUTOS = YES_AGGRESSIVE;
				GCC_WARN_UNUSED_FUNCTION = YES;
				GCC_WARN_UNUSED_VARIABLE = YES;
				IPHONEOS_DEPLOYMENT_TARGET = 10.0;
				MTL_ENABLE_DEBUG_INFO = YES;
				ONLY_ACTIVE_ARCH = YES;
				SDKROOT = iphoneos;
				SWIFT_ACTIVE_COMPILATION_CONDITIONS = DEBUG;
				SWIFT_OPTIMIZATION_LEVEL = "-Onone";
				TARGETED_DEVICE_FAMILY = "1,2";
			};
			name = Debug;
		};
		A24B620D1DA48B900012407A /* Release */ = {
			isa = XCBuildConfiguration;
			buildSettings = {
				ALWAYS_SEARCH_USER_PATHS = NO;
				CLANG_ANALYZER_LOCALIZABILITY_NONLOCALIZED = YES;
				CLANG_ANALYZER_NONNULL = YES;
				CLANG_CXX_LANGUAGE_STANDARD = "gnu++0x";
				CLANG_CXX_LIBRARY = "libc++";
				CLANG_ENABLE_MODULES = YES;
				CLANG_ENABLE_OBJC_ARC = YES;
				CLANG_WARN_BOOL_CONVERSION = YES;
				CLANG_WARN_CONSTANT_CONVERSION = YES;
				CLANG_WARN_DIRECT_OBJC_ISA_USAGE = YES_ERROR;
				CLANG_WARN_DOCUMENTATION_COMMENTS = YES;
				CLANG_WARN_EMPTY_BODY = YES;
				CLANG_WARN_ENUM_CONVERSION = YES;
				CLANG_WARN_INFINITE_RECURSION = YES;
				CLANG_WARN_INT_CONVERSION = YES;
				CLANG_WARN_OBJC_ROOT_CLASS = YES_ERROR;
				CLANG_WARN_SUSPICIOUS_MOVE = YES;
				CLANG_WARN_SUSPICIOUS_MOVES = YES;
				CLANG_WARN_UNREACHABLE_CODE = YES;
				CLANG_WARN__DUPLICATE_METHOD_MATCH = YES;
				"CODE_SIGN_IDENTITY[sdk=iphoneos*]" = "iPhone Developer";
				COPY_PHASE_STRIP = NO;
				DEBUG_INFORMATION_FORMAT = "dwarf-with-dsym";
				ENABLE_NS_ASSERTIONS = NO;
				ENABLE_STRICT_OBJC_MSGSEND = YES;
				GCC_C_LANGUAGE_STANDARD = gnu99;
				GCC_NO_COMMON_BLOCKS = YES;
				GCC_WARN_64_TO_32_BIT_CONVERSION = YES;
				GCC_WARN_ABOUT_RETURN_TYPE = YES_ERROR;
				GCC_WARN_UNDECLARED_SELECTOR = YES;
				GCC_WARN_UNINITIALIZED_AUTOS = YES_AGGRESSIVE;
				GCC_WARN_UNUSED_FUNCTION = YES;
				GCC_WARN_UNUSED_VARIABLE = YES;
				IPHONEOS_DEPLOYMENT_TARGET = 10.0;
				MTL_ENABLE_DEBUG_INFO = NO;
				SDKROOT = iphoneos;
				SWIFT_OPTIMIZATION_LEVEL = "-Owholemodule";
				TARGETED_DEVICE_FAMILY = "1,2";
				VALIDATE_PRODUCT = YES;
			};
			name = Release;
		};
		A24B620F1DA48B900012407A /* Debug */ = {
			isa = XCBuildConfiguration;
			buildSettings = {
				ASSETCATALOG_COMPILER_APPICON_NAME = AppIcon;
				"CODE_SIGN_IDENTITY[sdk=iphoneos*]" = "iPhone Developer";
				DEVELOPMENT_TEAM = FR9KBRU6YA;
				INFOPLIST_FILE = WombDefender/Info.plist;
				LD_RUNPATH_SEARCH_PATHS = "$(inherited) @executable_path/Frameworks";
				PRODUCT_BUNDLE_IDENTIFIER = com.Zoko.WombDefender;
				PRODUCT_NAME = "$(TARGET_NAME)";
				SWIFT_VERSION = 3.0;
				TARGETED_DEVICE_FAMILY = "1,2";
			};
			name = Debug;
		};
		A24B62101DA48B900012407A /* Release */ = {
			isa = XCBuildConfiguration;
			buildSettings = {
				ASSETCATALOG_COMPILER_APPICON_NAME = AppIcon;
				"CODE_SIGN_IDENTITY[sdk=iphoneos*]" = "iPhone Developer";
				DEVELOPMENT_TEAM = FR9KBRU6YA;
				INFOPLIST_FILE = WombDefender/Info.plist;
				LD_RUNPATH_SEARCH_PATHS = "$(inherited) @executable_path/Frameworks";
				PRODUCT_BUNDLE_IDENTIFIER = com.Zoko.WombDefender;
				PRODUCT_NAME = "$(TARGET_NAME)";
				SWIFT_VERSION = 3.0;
				TARGETED_DEVICE_FAMILY = "1,2";
			};
			name = Release;
		};
/* End XCBuildConfiguration section */

/* Begin XCConfigurationList section */
		A24B61F41DA48B8F0012407A /* Build configuration list for PBXProject "WombDefender" */ = {
			isa = XCConfigurationList;
			buildConfigurations = (
				A24B620C1DA48B900012407A /* Debug */,
				A24B620D1DA48B900012407A /* Release */,
			);
			defaultConfigurationIsVisible = 0;
			defaultConfigurationName = Release;
		};
		A24B620E1DA48B900012407A /* Build configuration list for PBXNativeTarget "WombDefender" */ = {
			isa = XCConfigurationList;
			buildConfigurations = (
				A24B620F1DA48B900012407A /* Debug */,
				A24B62101DA48B900012407A /* Release */,
			);
			defaultConfigurationIsVisible = 0;
			defaultConfigurationName = Release;
		};
/* End XCConfigurationList section */

/* Begin XCVersionGroup section */
		A24B62031DA48B900012407A /* WombDefender.xcdatamodeld */ = {
			isa = XCVersionGroup;
			children = (
				A24B62041DA48B900012407A /* WombDefender.xcdatamodel */,
			);
			currentVersion = A24B62041DA48B900012407A /* WombDefender.xcdatamodel */;
			path = WombDefender.xcdatamodeld;
			sourceTree = "<group>";
			versionGroupType = wrapper.xcdatamodel;
		};
/* End XCVersionGroup section */
	};
	rootObject = A24B61F11DA48B8F0012407A /* Project object */;
}
